
Microsoft Visual Studio Solution File, Format Version 12.00
# Visual Studio Version 17
VisualStudioVersion = 17.0.31903.59
MinimumVisualStudioVersion = 10.0.40219.1
Project("{2150E333-8FDC-42A3-9474-1A3956D46DE8}") = "Lotus", "Lotus", "{E7AF09D0-F320-20D9-5361-B49ECA19AED4}"
EndProject
Project("{FAE04EC0-301F-11D3-BF4B-00C04F79EFBC}") = "Lotus", "Lotus\Lotus\Lotus.csproj", "{636D7368-A7B6-42A7-9030-279DDFEFAED2}"
EndProject
Project("{FAE04EC0-301F-11D3-BF4B-00C04F79EFBC}") = "Lotus.Client", "Lotus\Lotus.Client\Lotus.Client.csproj", "{D91019B0-467B-4B36-8496-42C03BF3EECD}"
EndProject
Global
	GlobalSection(SolutionConfigurationPlatforms) = preSolution
		Debug|Any CPU = Debug|Any CPU
		Debug|x64 = Debug|x64
		Debug|x86 = Debug|x86
		Release|Any CPU = Release|Any CPU
		Release|x64 = Release|x64
		Release|x86 = Release|x86
	EndGlobalSection
	GlobalSection(ProjectConfigurationPlatforms) = postSolution
		{636D7368-A7B6-42A7-9030-279DDFEFAED2}.Debug|Any CPU.ActiveCfg = Debug|Any CPU
		{636D7368-A7B6-42A7-9030-279DDFEFAED2}.Debug|Any CPU.Build.0 = Debug|Any CPU
		{636D7368-A7B6-42A7-9030-279DDFEFAED2}.Debug|x64.ActiveCfg = Debug|Any CPU
		{636D7368-A7B6-42A7-9030-279DDFEFAED2}.Debug|x64.Build.0 = Debug|Any CPU
		{636D7368-A7B6-42A7-9030-279DDFEFAED2}.Debug|x86.ActiveCfg = Debug|Any CPU
		{636D7368-A7B6-42A7-9030-279DDFEFAED2}.Debug|x86.Build.0 = Debug|Any CPU
		{636D7368-A7B6-42A7-9030-279DDFEFAED2}.Release|Any CPU.ActiveCfg = Release|Any CPU
		{636D7368-A7B6-42A7-9030-279DDFEFAED2}.Release|Any CPU.Build.0 = Release|Any CPU
		{636D7368-A7B6-42A7-9030-279DDFEFAED2}.Release|x64.ActiveCfg = Release|Any CPU
		{636D7368-A7B6-42A7-9030-279DDFEFAED2}.Release|x64.Build.0 = Release|Any CPU
		{636D7368-A7B6-42A7-9030-279DDFEFAED2}.Release|x86.ActiveCfg = Release|Any CPU
		{636D7368-A7B6-42A7-9030-279DDFEFAED2}.Release|x86.Build.0 = Release|Any CPU
		{D91019B0-467B-4B36-8496-42C03BF3EECD}.Debug|Any CPU.ActiveCfg = Debug|Any CPU
		{D91019B0-467B-4B36-8496-42C03BF3EECD}.Debug|Any CPU.Build.0 = Debug|Any CPU
		{D91019B0-467B-4B36-8496-42C03BF3EECD}.Debug|x64.ActiveCfg = Debug|Any CPU
		{D91019B0-467B-4B36-8496-42C03BF3EECD}.Debug|x64.Build.0 = Debug|Any CPU
		{D91019B0-467B-4B36-8496-42C03BF3EECD}.Debug|x86.ActiveCfg = Debug|Any CPU
		{D91019B0-467B-4B36-8496-42C03BF3EECD}.Debug|x86.Build.0 = Debug|Any CPU
		{D91019B0-467B-4B36-8496-42C03BF3EECD}.Release|Any CPU.ActiveCfg = Release|Any CPU
		{D91019B0-467B-4B36-8496-42C03BF3EECD}.Release|Any CPU.Build.0 = Release|Any CPU
		{D91019B0-467B-4B36-8496-42C03BF3EECD}.Release|x64.ActiveCfg = Release|Any CPU
		{D91019B0-467B-4B36-8496-42C03BF3EECD}.Release|x64.Build.0 = Release|Any CPU
		{D91019B0-467B-4B36-8496-42C03BF3EECD}.Release|x86.ActiveCfg = Release|Any CPU
		{D91019B0-467B-4B36-8496-42C03BF3EECD}.Release|x86.Build.0 = Release|Any CPU
	EndGlobalSection
	GlobalSection(SolutionProperties) = preSolution
		HideSolutionNode = FALSE
	EndGlobalSection
	GlobalSection(NestedProjects) = preSolution
		{636D7368-A7B6-42A7-9030-279DDFEFAED2} = {E7AF09D0-F320-20D9-5361-B49ECA19AED4}
		{D91019B0-467B-4B36-8496-42C03BF3EECD} = {E7AF09D0-F320-20D9-5361-B49ECA19AED4}
	EndGlobalSection
EndGlobal
